// !$*UTF8*$!
{
	archiveVersion = 1;
	classes = {
	};
	objectVersion = 56;
	objects = {

/* Begin PBXBuildFile section */
		86EE71652B80AF980051FF3A /* AppDelegate.swift in Sources */ = {isa = PBXBuildFile; fileRef = 86EE71642B80AF980051FF3A /* AppDelegate.swift */; };
		86EE71672B80AF980051FF3A /* SceneDelegate.swift in Sources */ = {isa = PBXBuildFile; fileRef = 86EE71662B80AF980051FF3A /* SceneDelegate.swift */; };
		86EE71692B80AF980051FF3A /* ViewController.swift in Sources */ = {isa = PBXBuildFile; fileRef = 86EE71682B80AF980051FF3A /* ViewController.swift */; };
		86EE716C2B80AF980051FF3A /* Main.storyboard in Resources */ = {isa = PBXBuildFile; fileRef = 86EE716A2B80AF980051FF3A /* Main.storyboard */; };
		86EE716E2B80AF9B0051FF3A /* Assets.xcassets in Resources */ = {isa = PBXBuildFile; fileRef = 86EE716D2B80AF9B0051FF3A /* Assets.xcassets */; };
		86EE71712B80AF9B0051FF3A /* LaunchScreen.storyboard in Resources */ = {isa = PBXBuildFile; fileRef = 86EE716F2B80AF9B0051FF3A /* LaunchScreen.storyboard */; };
		86EE717A2B80B06C0051FF3A /* FirebaseAnalytics in Frameworks */ = {isa = PBXBuildFile; productRef = 86EE71792B80B06C0051FF3A /* FirebaseAnalytics */; };
		86EE717C2B80B06C0051FF3A /* FirebaseAnalyticsOnDeviceConversion in Frameworks */ = {isa = PBXBuildFile; productRef = 86EE717B2B80B06C0051FF3A /* FirebaseAnalyticsOnDeviceConversion */; };
		86EE717E2B80B06C0051FF3A /* FirebaseAnalyticsSwift in Frameworks */ = {isa = PBXBuildFile; productRef = 86EE717D2B80B06C0051FF3A /* FirebaseAnalyticsSwift */; };
		86EE71802B80B06C0051FF3A /* FirebaseAnalyticsWithoutAdIdSupport in Frameworks */ = {isa = PBXBuildFile; productRef = 86EE717F2B80B06C0051FF3A /* FirebaseAnalyticsWithoutAdIdSupport */; };
		86EE71822B80B06C0051FF3A /* FirebaseAppCheck in Frameworks */ = {isa = PBXBuildFile; productRef = 86EE71812B80B06C0051FF3A /* FirebaseAppCheck */; };
		86EE71842B80B1F60051FF3A /* GoogleService-Info.plist in Resources */ = {isa = PBXBuildFile; fileRef = 86EE71832B80B1F60051FF3A /* GoogleService-Info.plist */; };
		86EE71872B80BC770051FF3A /* CrushliticsService.swift in Sources */ = {isa = PBXBuildFile; fileRef = 86EE71862B80BC770051FF3A /* CrushliticsService.swift */; };
/* End PBXBuildFile section */

/* Begin PBXFileReference section */
		86EE71612B80AF980051FF3A /* Otus-firebase.app */ = {isa = PBXFileReference; explicitFileType = wrapper.application; includeInIndex = 0; path = "Otus-firebase.app"; sourceTree = BUILT_PRODUCTS_DIR; };
		86EE71642B80AF980051FF3A /* AppDelegate.swift */ = {isa = PBXFileReference; lastKnownFileType = sourcecode.swift; path = AppDelegate.swift; sourceTree = "<group>"; };
		86EE71662B80AF980051FF3A /* SceneDelegate.swift */ = {isa = PBXFileReference; lastKnownFileType = sourcecode.swift; path = SceneDelegate.swift; sourceTree = "<group>"; };
		86EE71682B80AF980051FF3A /* ViewController.swift */ = {isa = PBXFileReference; lastKnownFileType = sourcecode.swift; path = ViewController.swift; sourceTree = "<group>"; };
		86EE716B2B80AF980051FF3A /* Base */ = {isa = PBXFileReference; lastKnownFileType = file.storyboard; name = Base; path = Base.lproj/Main.storyboard; sourceTree = "<group>"; };
		86EE716D2B80AF9B0051FF3A /* Assets.xcassets */ = {isa = PBXFileReference; lastKnownFileType = folder.assetcatalog; path = Assets.xcassets; sourceTree = "<group>"; };
		86EE71702B80AF9B0051FF3A /* Base */ = {isa = PBXFileReference; lastKnownFileType = file.storyboard; name = Base; path = Base.lproj/LaunchScreen.storyboard; sourceTree = "<group>"; };
		86EE71722B80AF9B0051FF3A /* Info.plist */ = {isa = PBXFileReference; lastKnownFileType = text.plist.xml; path = Info.plist; sourceTree = "<group>"; };
		86EE71832B80B1F60051FF3A /* GoogleService-Info.plist */ = {isa = PBXFileReference; fileEncoding = 4; lastKnownFileType = text.plist.xml; path = "GoogleService-Info.plist"; sourceTree = "<group>"; };
		86EE71862B80BC770051FF3A /* CrushliticsService.swift */ = {isa = PBXFileReference; lastKnownFileType = sourcecode.swift; path = CrushliticsService.swift; sourceTree = "<group>"; };
/* End PBXFileReference section */

/* Begin PBXFrameworksBuildPhase section */
		86EE715E2B80AF980051FF3A /* Frameworks */ = {
			isa = PBXFrameworksBuildPhase;
			buildActionMask = 2147483647;
			files = (
				86EE717E2B80B06C0051FF3A /* FirebaseAnalyticsSwift in Frameworks */,
				86EE717A2B80B06C0051FF3A /* FirebaseAnalytics in Frameworks */,
				86EE717C2B80B06C0051FF3A /* FirebaseAnalyticsOnDeviceConversion in Frameworks */,
				86EE71822B80B06C0051FF3A /* FirebaseAppCheck in Frameworks */,
				86EE71802B80B06C0051FF3A /* FirebaseAnalyticsWithoutAdIdSupport in Frameworks */,
			);
			runOnlyForDeploymentPostprocessing = 0;
		};
/* End PBXFrameworksBuildPhase section */

/* Begin PBXGroup section */
		86EE71582B80AF970051FF3A = {
			isa = PBXGroup;
			children = (
				86EE71632B80AF980051FF3A /* Otus-firebase */,
				86EE71622B80AF980051FF3A /* Products */,
			);
			sourceTree = "<group>";
		};
		86EE71622B80AF980051FF3A /* Products */ = {
			isa = PBXGroup;
			children = (
				86EE71612B80AF980051FF3A /* Otus-firebase.app */,
			);
			name = Products;
			sourceTree = "<group>";
		};
		86EE71632B80AF980051FF3A /* Otus-firebase */ = {
			isa = PBXGroup;
			children = (
				86EE71642B80AF980051FF3A /* AppDelegate.swift */,
				86EE71662B80AF980051FF3A /* SceneDelegate.swift */,
				86EE71862B80BC770051FF3A /* CrushliticsService.swift */,
				86EE71682B80AF980051FF3A /* ViewController.swift */,
				86EE716A2B80AF980051FF3A /* Main.storyboard */,
				86EE716D2B80AF9B0051FF3A /* Assets.xcassets */,
				86EE716F2B80AF9B0051FF3A /* LaunchScreen.storyboard */,
				86EE71722B80AF9B0051FF3A /* Info.plist */,
				86EE71832B80B1F60051FF3A /* GoogleService-Info.plist */,
			);
			path = "Otus-firebase";
			sourceTree = "<group>";
		};
/* End PBXGroup section */

/* Begin PBXNativeTarget section */
		86EE71602B80AF980051FF3A /* Otus-firebase */ = {
			isa = PBXNativeTarget;
			buildConfigurationList = 86EE71752B80AF9B0051FF3A /* Build configuration list for PBXNativeTarget "Otus-firebase" */;
			buildPhases = (
				86EE715D2B80AF980051FF3A /* Sources */,
				86EE715E2B80AF980051FF3A /* Frameworks */,
				86EE715F2B80AF980051FF3A /* Resources */,
				86EE71852B80B2C30051FF3A /* Firebase */,
			);
			buildRules = (
			);
			dependencies = (
			);
			name = "Otus-firebase";
			packageProductDependencies = (
				86EE71792B80B06C0051FF3A /* FirebaseAnalytics */,
				86EE717B2B80B06C0051FF3A /* FirebaseAnalyticsOnDeviceConversion */,
				86EE717D2B80B06C0051FF3A /* FirebaseAnalyticsSwift */,
				86EE717F2B80B06C0051FF3A /* FirebaseAnalyticsWithoutAdIdSupport */,
				86EE71812B80B06C0051FF3A /* FirebaseAppCheck */,
			);
			productName = "Otus-firebase";
			productReference = 86EE71612B80AF980051FF3A /* Otus-firebase.app */;
			productType = "com.apple.product-type.application";
		};
/* End PBXNativeTarget section */

/* Begin PBXProject section */
		86EE71592B80AF970051FF3A /* Project object */ = {
			isa = PBXProject;
			attributes = {
				BuildIndependentTargetsInParallel = 1;
				LastSwiftUpdateCheck = 1510;
				LastUpgradeCheck = 1510;
				TargetAttributes = {
					86EE71602B80AF980051FF3A = {
						CreatedOnToolsVersion = 15.1;
					};
				};
			};
			buildConfigurationList = 86EE715C2B80AF970051FF3A /* Build configuration list for PBXProject "Otus-firebase" */;
			compatibilityVersion = "Xcode 14.0";
			developmentRegion = en;
			hasScannedForEncodings = 0;
			knownRegions = (
				en,
				Base,
			);
			mainGroup = 86EE71582B80AF970051FF3A;
			packageReferences = (
				86EE71782B80B06C0051FF3A /* XCRemoteSwiftPackageReference "firebase-ios-sdk" */,
			);
			productRefGroup = 86EE71622B80AF980051FF3A /* Products */;
			projectDirPath = "";
			projectRoot = "";
			targets = (
				86EE71602B80AF980051FF3A /* Otus-firebase */,
			);
		};
/* End PBXProject section */

/* Begin PBXResourcesBuildPhase section */
		86EE715F2B80AF980051FF3A /* Resources */ = {
			isa = PBXResourcesBuildPhase;
			buildActionMask = 2147483647;
			files = (
				86EE71712B80AF9B0051FF3A /* LaunchScreen.storyboard in Resources */,
				86EE71842B80B1F60051FF3A /* GoogleService-Info.plist in Resources */,
				86EE716E2B80AF9B0051FF3A /* Assets.xcassets in Resources */,
				86EE716C2B80AF980051FF3A /* Main.storyboard in Resources */,
			);
			runOnlyForDeploymentPostprocessing = 0;
		};
/* End PBXResourcesBuildPhase section */

/* Begin PBXShellScriptBuildPhase section */
		86EE71852B80B2C30051FF3A /* Firebase */ = {
			isa = PBXShellScriptBuildPhase;
			buildActionMask = 2147483647;
			files = (
			);
			inputFileListPaths = (
			);
			inputPaths = (
				"${DWARF_DSYM_FOLDER_PATH}/${DWARF_DSYM_FILE_NAME}",
				"${DWARF_DSYM_FOLDER_PATH}/${DWARF_DSYM_FILE_NAME}/Contents/Resources/DWARF/${PRODUCT_NAME}",
				"${DWARF_DSYM_FOLDER_PATH}/${DWARF_DSYM_FILE_NAME}/Contents/Info.plist",
				"$(SRCROOT)/$(TARGET_BUILD_DIR)/$(UNLOCALIZED_RESOURCES_FOLDER_PATH)/GoogleService-Info.plist",
				"$(TARGET_BUILD_DIR)/$(EXECUTABLE_PATH)",
			);
			name = Firebase;
			outputFileListPaths = (
			);
			outputPaths = (
			);
			runOnlyForDeploymentPostprocessing = 0;
			shellPath = /bin/sh;
			shellScript = "\"${BUILD_DIR%/Build/*}/SourcePackages/checkouts/firebase-ios-sdk/Crashlytics/run\"\n";
		};
/* End PBXShellScriptBuildPhase section */

/* Begin PBXSourcesBuildPhase section */
		86EE715D2B80AF980051FF3A /* Sources */ = {
			isa = PBXSourcesBuildPhase;
			buildActionMask = 2147483647;
			files = (
				86EE71692B80AF980051FF3A /* ViewController.swift in Sources */,
				86EE71872B80BC770051FF3A /* CrushliticsService.swift in Sources */,
				86EE71652B80AF980051FF3A /* AppDelegate.swift in Sources */,
				86EE71672B80AF980051FF3A /* SceneDelegate.swift in Sources */,
			);
			runOnlyForDeploymentPostprocessing = 0;
		};
/* End PBXSourcesBuildPhase section */

/* Begin PBXVariantGroup section */
		86EE716A2B80AF980051FF3A /* Main.storyboard */ = {
			isa = PBXVariantGroup;
			children = (
				86EE716B2B80AF980051FF3A /* Base */,
			);
			name = Main.storyboard;
			sourceTree = "<group>";
		};
		86EE716F2B80AF9B0051FF3A /* LaunchScreen.storyboard */ = {
			isa = PBXVariantGroup;
			children = (
				86EE71702B80AF9B0051FF3A /* Base */,
			);
			name = LaunchScreen.storyboard;
			sourceTree = "<group>";
		};
/* End PBXVariantGroup section */

/* Begin XCBuildConfiguration section */
		86EE71732B80AF9B0051FF3A /* Debug */ = {
			isa = XCBuildConfiguration;
			buildSettings = {
				ALWAYS_SEARCH_USER_PATHS = NO;
				ASSETCATALOG_COMPILER_GENERATE_SWIFT_ASSET_SYMBOL_EXTENSIONS = YES;
				CLANG_ANALYZER_NONNULL = YES;
				CLANG_ANALYZER_NUMBER_OBJECT_CONVERSION = YES_AGGRESSIVE;
				CLANG_CXX_LANGUAGE_STANDARD = "gnu++20";
				CLANG_ENABLE_MODULES = YES;
				CLANG_ENABLE_OBJC_ARC = YES;
				CLANG_ENABLE_OBJC_WEAK = YES;
				CLANG_WARN_BLOCK_CAPTURE_AUTORELEASING = YES;
				CLANG_WARN_BOOL_CONVERSION = YES;
				CLANG_WARN_COMMA = YES;
				CLANG_WARN_CONSTANT_CONVERSION = YES;
				CLANG_WARN_DEPRECATED_OBJC_IMPLEMENTATIONS = YES;
				CLANG_WARN_DIRECT_OBJC_ISA_USAGE = YES_ERROR;
				CLANG_WARN_DOCUMENTATION_COMMENTS = YES;
				CLANG_WARN_EMPTY_BODY = YES;
				CLANG_WARN_ENUM_CONVERSION = YES;
				CLANG_WARN_INFINITE_RECURSION = YES;
				CLANG_WARN_INT_CONVERSION = YES;
				CLANG_WARN_NON_LITERAL_NULL_CONVERSION = YES;
				CLANG_WARN_OBJC_IMPLICIT_RETAIN_SELF = YES;
				CLANG_WARN_OBJC_LITERAL_CONVERSION = YES;
				CLANG_WARN_OBJC_ROOT_CLASS = YES_ERROR;
				CLANG_WARN_QUOTED_INCLUDE_IN_FRAMEWORK_HEADER = YES;
				CLANG_WARN_RANGE_LOOP_ANALYSIS = YES;
				CLANG_WARN_STRICT_PROTOTYPES = YES;
				CLANG_WARN_SUSPICIOUS_MOVE = YES;
				CLANG_WARN_UNGUARDED_AVAILABILITY = YES_AGGRESSIVE;
				CLANG_WARN_UNREACHABLE_CODE = YES;
				CLANG_WARN__DUPLICATE_METHOD_MATCH = YES;
				COPY_PHASE_STRIP = NO;
				DEBUG_INFORMATION_FORMAT = dwarf;
				ENABLE_STRICT_OBJC_MSGSEND = YES;
				ENABLE_TESTABILITY = YES;
				ENABLE_USER_SCRIPT_SANDBOXING = YES;
				GCC_C_LANGUAGE_STANDARD = gnu17;
				GCC_DYNAMIC_NO_PIC = NO;
				GCC_NO_COMMON_BLOCKS = YES;
				GCC_OPTIMIZATION_LEVEL = 0;
				GCC_PREPROCESSOR_DEFINITIONS = (
					"DEBUG=1",
					"$(inherited)",
				);
				GCC_WARN_64_TO_32_BIT_CONVERSION = YES;
				GCC_WARN_ABOUT_RETURN_TYPE = YES_ERROR;
				GCC_WARN_UNDECLARED_SELECTOR = YES;
				GCC_WARN_UNINITIALIZED_AUTOS = YES_AGGRESSIVE;
				GCC_WARN_UNUSED_FUNCTION = YES;
				GCC_WARN_UNUSED_VARIABLE = YES;
				IPHONEOS_DEPLOYMENT_TARGET = 17.2;
				LOCALIZATION_PREFERS_STRING_CATALOGS = YES;
				MTL_ENABLE_DEBUG_INFO = INCLUDE_SOURCE;
				MTL_FAST_MATH = YES;
				ONLY_ACTIVE_ARCH = YES;
				SDKROOT = iphoneos;
				SWIFT_ACTIVE_COMPILATION_CONDITIONS = "DEBUG $(inherited)";
				SWIFT_OPTIMIZATION_LEVEL = "-Onone";
			};
			name = Debug;
		};
		86EE71742B80AF9B0051FF3A /* Release */ = {
			isa = XCBuildConfiguration;
			buildSettings = {
				ALWAYS_SEARCH_USER_PATHS = NO;
				ASSETCATALOG_COMPILER_GENERATE_SWIFT_ASSET_SYMBOL_EXTENSIONS = YES;
				CLANG_ANALYZER_NONNULL = YES;
				CLANG_ANALYZER_NUMBER_OBJECT_CONVERSION = YES_AGGRESSIVE;
				CLANG_CXX_LANGUAGE_STANDARD = "gnu++20";
				CLANG_ENABLE_MODULES = YES;
				CLANG_ENABLE_OBJC_ARC = YES;
				CLANG_ENABLE_OBJC_WEAK = YES;
				CLANG_WARN_BLOCK_CAPTURE_AUTORELEASING = YES;
				CLANG_WARN_BOOL_CONVERSION = YES;
				CLANG_WARN_COMMA = YES;
				CLANG_WARN_CONSTANT_CONVERSION = YES;
				CLANG_WARN_DEPRECATED_OBJC_IMPLEMENTATIONS = YES;
				CLANG_WARN_DIRECT_OBJC_ISA_USAGE = YES_ERROR;
				CLANG_WARN_DOCUMENTATION_COMMENTS = YES;
				CLANG_WARN_EMPTY_BODY = YES;
				CLANG_WARN_ENUM_CONVERSION = YES;
				CLANG_WARN_INFINITE_RECURSION = YES;
				CLANG_WARN_INT_CONVERSION = YES;
				CLANG_WARN_NON_LITERAL_NULL_CONVERSION = YES;
				CLANG_WARN_OBJC_IMPLICIT_RETAIN_SELF = YES;
				CLANG_WARN_OBJC_LITERAL_CONVERSION = YES;
				CLANG_WARN_OBJC_ROOT_CLASS = YES_ERROR;
				CLANG_WARN_QUOTED_INCLUDE_IN_FRAMEWORK_HEADER = YES;
				CLANG_WARN_RANGE_LOOP_ANALYSIS = YES;
				CLANG_WARN_STRICT_PROTOTYPES = YES;
				CLANG_WARN_SUSPICIOUS_MOVE = YES;
				CLANG_WARN_UNGUARDED_AVAILABILITY = YES_AGGRESSIVE;
				CLANG_WARN_UNREACHABLE_CODE = YES;
				CLANG_WARN__DUPLICATE_METHOD_MATCH = YES;
				COPY_PHASE_STRIP = NO;
				DEBUG_INFORMATION_FORMAT = "dwarf-with-dsym";
				ENABLE_NS_ASSERTIONS = NO;
				ENABLE_STRICT_OBJC_MSGSEND = YES;
				ENABLE_USER_SCRIPT_SANDBOXING = YES;
				GCC_C_LANGUAGE_STANDARD = gnu17;
				GCC_NO_COMMON_BLOCKS = YES;
				GCC_WARN_64_TO_32_BIT_CONVERSION = YES;
				GCC_WARN_ABOUT_RETURN_TYPE = YES_ERROR;
				GCC_WARN_UNDECLARED_SELECTOR = YES;
				GCC_WARN_UNINITIALIZED_AUTOS = YES_AGGRESSIVE;
				GCC_WARN_UNUSED_FUNCTION = YES;
				GCC_WARN_UNUSED_VARIABLE = YES;
				IPHONEOS_DEPLOYMENT_TARGET = 17.2;
				LOCALIZATION_PREFERS_STRING_CATALOGS = YES;
				MTL_ENABLE_DEBUG_INFO = NO;
				MTL_FAST_MATH = YES;
				SDKROOT = iphoneos;
				SWIFT_COMPILATION_MODE = wholemodule;
				VALIDATE_PRODUCT = YES;
			};
			name = Release;
		};
		86EE71762B80AF9B0051FF3A /* Debug */ = {
			isa = XCBuildConfiguration;
			buildSettings = {
				ASSETCATALOG_COMPILER_APPICON_NAME = AppIcon;
				ASSETCATALOG_COMPILER_GLOBAL_ACCENT_COLOR_NAME = AccentColor;
				CODE_SIGN_STYLE = Automatic;
				CURRENT_PROJECT_VERSION = 1;
				DEVELOPMENT_TEAM = 5ZN9C67V5A;
				GENERATE_INFOPLIST_FILE = YES;
				INFOPLIST_FILE = "Otus-firebase/Info.plist";
				INFOPLIST_KEY_UIApplicationSupportsIndirectInputEvents = YES;
				INFOPLIST_KEY_UILaunchStoryboardName = LaunchScreen;
				INFOPLIST_KEY_UIMainStoryboardFile = Main;
				INFOPLIST_KEY_UISupportedInterfaceOrientations_iPad = "UIInterfaceOrientationPortrait UIInterfaceOrientationPortraitUpsideDown UIInterfaceOrientationLandscapeLeft UIInterfaceOrientationLandscapeRight";
				INFOPLIST_KEY_UISupportedInterfaceOrientations_iPhone = "UIInterfaceOrientationPortrait UIInterfaceOrientationLandscapeLeft UIInterfaceOrientationLandscapeRight";
				LD_RUNPATH_SEARCH_PATHS = (
					"$(inherited)",
					"@executable_path/Frameworks",
				);
				MARKETING_VERSION = 1.0;
				PRODUCT_BUNDLE_IDENTIFIER = "ru.otus.hometask.Otus-firebase";
				PRODUCT_NAME = "$(TARGET_NAME)";
				SWIFT_EMIT_LOC_STRINGS = YES;
				SWIFT_VERSION = 5.0;
				TARGETED_DEVICE_FAMILY = "1,2";
			};
			name = Debug;
		};
		86EE71772B80AF9B0051FF3A /* Release */ = {
			isa = XCBuildConfiguration;
			buildSettings = {
				ASSETCATALOG_COMPILER_APPICON_NAME = AppIcon;
				ASSETCATALOG_COMPILER_GLOBAL_ACCENT_COLOR_NAME = AccentColor;
				CODE_SIGN_STYLE = Automatic;
				CURRENT_PROJECT_VERSION = 1;
				DEVELOPMENT_TEAM = 5ZN9C67V5A;
				GENERATE_INFOPLIST_FILE = YES;
				INFOPLIST_FILE = "Otus-firebase/Info.plist";
				INFOPLIST_KEY_UIApplicationSupportsIndirectInputEvents = YES;
				INFOPLIST_KEY_UILaunchStoryboardName = LaunchScreen;
				INFOPLIST_KEY_UIMainStoryboardFile = Main;
				INFOPLIST_KEY_UISupportedInterfaceOrientations_iPad = "UIInterfaceOrientationPortrait UIInterfaceOrientationPortraitUpsideDown UIInterfaceOrientationLandscapeLeft UIInterfaceOrientationLandscapeRight";
				INFOPLIST_KEY_UISupportedInterfaceOrientations_iPhone = "UIInterfaceOrientationPortrait UIInterfaceOrientationLandscapeLeft UIInterfaceOrientationLandscapeRight";
				LD_RUNPATH_SEARCH_PATHS = (
					"$(inherited)",
					"@executable_path/Frameworks",
				);
				MARKETING_VERSION = 1.0;
				PRODUCT_BUNDLE_IDENTIFIER = "ru.otus.hometask.Otus-firebase";
				PRODUCT_NAME = "$(TARGET_NAME)";
				SWIFT_EMIT_LOC_STRINGS = YES;
				SWIFT_VERSION = 5.0;
				TARGETED_DEVICE_FAMILY = "1,2";
			};
			name = Release;
		};
/* End XCBuildConfiguration section */

/* Begin XCConfigurationList section */
		86EE715C2B80AF970051FF3A /* Build configuration list for PBXProject "Otus-firebase" */ = {
			isa = XCConfigurationList;
			buildConfigurations = (
				86EE71732B80AF9B0051FF3A /* Debug */,
				86EE71742B80AF9B0051FF3A /* Release */,
			);
			defaultConfigurationIsVisible = 0;
			defaultConfigurationName = Release;
		};
		86EE71752B80AF9B0051FF3A /* Build configuration list for PBXNativeTarget "Otus-firebase" */ = {
			isa = XCConfigurationList;
			buildConfigurations = (
				86EE71762B80AF9B0051FF3A /* Debug */,
				86EE71772B80AF9B0051FF3A /* Release */,
			);
			defaultConfigurationIsVisible = 0;
			defaultConfigurationName = Release;
		};
/* End XCConfigurationList section */

/* Begin XCRemoteSwiftPackageReference section */
		86EE71782B80B06C0051FF3A /* XCRemoteSwiftPackageReference "firebase-ios-sdk" */ = {
			isa = XCRemoteSwiftPackageReference;
			repositoryURL = "https://github.com/firebase/firebase-ios-sdk";
			requirement = {
				kind = upToNextMajorVersion;
				minimumVersion = 10.21.0;
			};
		};
/* End XCRemoteSwiftPackageReference section */

/* Begin XCSwiftPackageProductDependency section */
		86EE71792B80B06C0051FF3A /* FirebaseAnalytics */ = {
			isa = XCSwiftPackageProductDependency;
			package = 86EE71782B80B06C0051FF3A /* XCRemoteSwiftPackageReference "firebase-ios-sdk" */;
			productName = FirebaseAnalytics;
		};
		86EE717B2B80B06C0051FF3A /* FirebaseAnalyticsOnDeviceConversion */ = {
			isa = XCSwiftPackageProductDependency;
			package = 86EE71782B80B06C0051FF3A /* XCRemoteSwiftPackageReference "firebase-ios-sdk" */;
			productName = FirebaseAnalyticsOnDeviceConversion;
		};
		86EE717D2B80B06C0051FF3A /* FirebaseAnalyticsSwift */ = {
			isa = XCSwiftPackageProductDependency;
			package = 86EE71782B80B06C0051FF3A /* XCRemoteSwiftPackageReference "firebase-ios-sdk" */;
			productName = FirebaseAnalyticsSwift;
		};
		86EE717F2B80B06C0051FF3A /* FirebaseAnalyticsWithoutAdIdSupport */ = {
			isa = XCSwiftPackageProductDependency;
			package = 86EE71782B80B06C0051FF3A /* XCRemoteSwiftPackageReference "firebase-ios-sdk" */;
			productName = FirebaseAnalyticsWithoutAdIdSupport;
		};
		86EE71812B80B06C0051FF3A /* FirebaseAppCheck */ = {
			isa = XCSwiftPackageProductDependency;
			package = 86EE71782B80B06C0051FF3A /* XCRemoteSwiftPackageReference "firebase-ios-sdk" */;
			productName = FirebaseAppCheck;
		};
/* End XCSwiftPackageProductDependency section */
	};
	rootObject = 86EE71592B80AF970051FF3A /* Project object */;
}
